
Microsoft Visual Studio Solution File, Format Version 12.00
# Visual Studio 2012
Project("{FAE04EC0-301F-11D3-BF4B-00C04F79EFBC}") = "PrintKeeper", "PrintKeeper\PrintKeeper.csproj", "{4296634D-B419-40F4-829E-FD2DD207E399}"
EndProject
Global
	GlobalSection(SolutionConfigurationPlatforms) = preSolution
		Debug|Any CPU = Debug|Any CPU
		Release|Any CPU = Release|Any CPU
	EndGlobalSection
	GlobalSection(ProjectConfigurationPlatforms) = postSolution
		{4296634D-B419-40F4-829E-FD2DD207E399}.Debug|Any CPU.ActiveCfg = Debug|Any CPU
		{4296634D-B419-40F4-829E-FD2DD207E399}.Debug|Any CPU.Build.0 = Debug|Any CPU
		{4296634D-B419-40F4-829E-FD2DD207E399}.Release|Any CPU.ActiveCfg = Release|Any CPU
		{4296634D-B419-40F4-829E-FD2DD207E399}.Release|Any CPU.Build.0 = Release|Any CPU
	EndGlobalSection
	GlobalSection(SolutionProperties) = preSolution
		HideSolutionNode = FALSE
	EndGlobalSection
EndGlobal
